
Microsoft Visual Studio Solution File, Format Version 12.00
# Visual Studio Version 17
VisualStudioVersion = 17.9.34616.47
MinimumVisualStudioVersion = 10.0.40219.1
Project("{2150E333-8FDC-42A3-9474-1A3956D46DE8}") = "PROJECT.360.API", "PROJECT.360.API", "{4BBE985C-6B44-462A-8E81-EC03DB1F5752}"
EndProject
Project("{2150E333-8FDC-42A3-9474-1A3956D46DE8}") = "PROJECT.360.ENTITY", "PROJECT.360.ENTITY", "{3613B327-3959-43EB-B73A-423A19C1748D}"
EndProject
Project("{FAE04EC0-301F-11D3-BF4B-00C04F79EFBC}") = "PROJECT.360.ENTITY", "PROJECT.360.ENTITY\PROJECT.360.ENTITY.csproj", "{13C2C3F0-F23B-4DE9-9B97-86D3E98C52C5}"
EndProject
Project("{2150E333-8FDC-42A3-9474-1A3956D46DE8}") = "PROJECT.360.DATAACCESS", "PROJECT.360.DATAACCESS", "{E08729B4-C17A-4CCC-AE0E-178FBB9F4A48}"
EndProject
Project("{FAE04EC0-301F-11D3-BF4B-00C04F79EFBC}") = "PROJECT.360.DATAACCESS", "PROJECT.360.DATAACCESS\PROJECT.360.DATAACCESS.csproj", "{4CDBF7B2-1146-4425-AFD0-EB42CE58F3C4}"
EndProject
Project("{FAE04EC0-301F-11D3-BF4B-00C04F79EFBC}") = "PROJECT.360", "PROJECT.360\PROJECT.360.csproj", "{E4F61CB7-DA54-4406-A596-D15EB9AEFE44}"
EndProject
Project("{2150E333-8FDC-42A3-9474-1A3956D46DE8}") = "PROJECT.360.CORE", "PROJECT.360.CORE", "{A74B73D8-ED73-4B52-999A-D442E723E620}"
EndProject
Project("{FAE04EC0-301F-11D3-BF4B-00C04F79EFBC}") = "PROJECT.360.CORE", "PROJECT.360.CORE\PROJECT.360.CORE.csproj", "{69775E05-0310-48E3-880C-93C67B474D9E}"
EndProject
Global
	GlobalSection(SolutionConfigurationPlatforms) = preSolution
		Debug|Any CPU = Debug|Any CPU
		Release|Any CPU = Release|Any CPU
	EndGlobalSection
	GlobalSection(ProjectConfigurationPlatforms) = postSolution
		{13C2C3F0-F23B-4DE9-9B97-86D3E98C52C5}.Debug|Any CPU.ActiveCfg = Debug|Any CPU
		{13C2C3F0-F23B-4DE9-9B97-86D3E98C52C5}.Debug|Any CPU.Build.0 = Debug|Any CPU
		{13C2C3F0-F23B-4DE9-9B97-86D3E98C52C5}.Release|Any CPU.ActiveCfg = Release|Any CPU
		{13C2C3F0-F23B-4DE9-9B97-86D3E98C52C5}.Release|Any CPU.Build.0 = Release|Any CPU
		{4CDBF7B2-1146-4425-AFD0-EB42CE58F3C4}.Debug|Any CPU.ActiveCfg = Debug|Any CPU
		{4CDBF7B2-1146-4425-AFD0-EB42CE58F3C4}.Debug|Any CPU.Build.0 = Debug|Any CPU
		{4CDBF7B2-1146-4425-AFD0-EB42CE58F3C4}.Release|Any CPU.ActiveCfg = Release|Any CPU
		{4CDBF7B2-1146-4425-AFD0-EB42CE58F3C4}.Release|Any CPU.Build.0 = Release|Any CPU
		{E4F61CB7-DA54-4406-A596-D15EB9AEFE44}.Debug|Any CPU.ActiveCfg = Debug|Any CPU
		{E4F61CB7-DA54-4406-A596-D15EB9AEFE44}.Debug|Any CPU.Build.0 = Debug|Any CPU
		{E4F61CB7-DA54-4406-A596-D15EB9AEFE44}.Release|Any CPU.ActiveCfg = Release|Any CPU
		{E4F61CB7-DA54-4406-A596-D15EB9AEFE44}.Release|Any CPU.Build.0 = Release|Any CPU
		{69775E05-0310-48E3-880C-93C67B474D9E}.Debug|Any CPU.ActiveCfg = Debug|Any CPU
		{69775E05-0310-48E3-880C-93C67B474D9E}.Debug|Any CPU.Build.0 = Debug|Any CPU
		{69775E05-0310-48E3-880C-93C67B474D9E}.Release|Any CPU.ActiveCfg = Release|Any CPU
		{69775E05-0310-48E3-880C-93C67B474D9E}.Release|Any CPU.Build.0 = Release|Any CPU
	EndGlobalSection
	GlobalSection(SolutionProperties) = preSolution
		HideSolutionNode = FALSE
	EndGlobalSection
	GlobalSection(NestedProjects) = preSolution
		{13C2C3F0-F23B-4DE9-9B97-86D3E98C52C5} = {3613B327-3959-43EB-B73A-423A19C1748D}
		{4CDBF7B2-1146-4425-AFD0-EB42CE58F3C4} = {E08729B4-C17A-4CCC-AE0E-178FBB9F4A48}
		{E4F61CB7-DA54-4406-A596-D15EB9AEFE44} = {4BBE985C-6B44-462A-8E81-EC03DB1F5752}
		{69775E05-0310-48E3-880C-93C67B474D9E} = {A74B73D8-ED73-4B52-999A-D442E723E620}
	EndGlobalSection
	GlobalSection(ExtensibilityGlobals) = postSolution
		SolutionGuid = {D48AB104-18B7-441C-B17B-F50D5014DE04}
	EndGlobalSection
EndGlobal
